---
lockfileVersion: "9.0"

importers:
  .:
    configDependencies: {}
    packageManagerDependencies:
      "@pnpm/exe":
        specifier: 12.0.0-rc.11
        version: 12.0.0-rc.11
      pnpm:
        specifier: 12.0.0-rc.11
        version: 12.0.0-rc.11

packages:
  "@pnpm/exe.darwin-arm64@12.0.0-rc.11":
    resolution:
      {
        integrity: sha512-Qng8aqCy9L5BrsMUhjDOtOuOs6do5f/MYIYG+lqKLm+tpv8a3pw4I4SLEgpexcnoZ96P7shTNR+XS27HX07j4g==,
      }
    cpu: [arm64]
    os: [darwin]

  "@pnpm/exe.darwin-x64@12.0.0-rc.11":
    resolution:
      {
        integrity: sha512-b3QzJ8otzYkogbpYnj7ShwTB7YR+dXKpDMUxuOqoyGSn4OzJvSBVATlUOrC3rhJB15rpiJMYeAiPyQvuDlkbRQ==,
      }
    cpu: [x64]
    os: [darwin]

  "@pnpm/exe.linux-arm64-musl@12.0.0-rc.11":
    resolution:
      {
        integrity: sha512-P5/bZRa3wcKaMSghTycYrGxUtjxQ4JWE83ax+v9yd//88dtbmTad/gWSaCWGnVA2hkkLOYiyOzbTFlMCAhsKMg==,
      }
    cpu: [arm64]
    os: [linux]
    libc: [musl]

  "@pnpm/exe.linux-arm64@12.0.0-rc.11":
    resolution:
      {
        integrity: sha512-U0eKrzOYo9kl0aEaNcrXHgXE9zThG70Ng+EWjtZz4vEUMZgG3QfsIB+9Fodg5K/4pDUwV+LREeyRHqy0U4ayDQ==,
      }
    cpu: [arm64]
    os: [linux]
    libc: [glibc]

  "@pnpm/exe.linux-x64-musl@12.0.0-rc.11":
    resolution:
      {
        integrity: sha512-6ZiEsUhNViwb0PuZkwuMEjn1ZpJWHADJYq8X6CsFhxQxh2QNvsBWyeT3CwBkH0GIhJO2v7y3lHdtXcwXHQt3Jg==,
      }
    cpu: [x64]
    os: [linux]
    libc: [musl]

  "@pnpm/exe.linux-x64@12.0.0-rc.11":
    resolution:
      {
        integrity: sha512-EdqHbW/22HYbFlsqmSXO1U3s2MiZfGZUhti83RMFjrwRdoidirfwGiX/Ma8gpCpmD3IFBPgqIhsKdFadmFWFMg==,
      }
    cpu: [x64]
    os: [linux]
    libc: [glibc]

  "@pnpm/exe.win32-arm64@12.0.0-rc.11":
    resolution:
      {
        integrity: sha512-4UY5+xYa7uoLBoWE9Kr2EGSn6zAUyIAmB7BZcsmT/+GOOonfNDxzVhriULnQbx8oNDXhMr8iFpMWJ9FYq9hVnQ==,
      }
    cpu: [arm64]
    os: [win32]

  "@pnpm/exe.win32-x64@12.0.0-rc.11":
    resolution:
      {
        integrity: sha512-QJZRxs1lQQgK5Ap/LbBYivAxLHO+0zuYyJbz5eOTNQY2sSIw9yEpMB29oKE9REf49u1k06m0ac3atx/376uBtg==,
      }
    cpu: [x64]
    os: [win32]

  "@pnpm/exe@12.0.0-rc.11":
    resolution:
      {
        integrity: sha512-wDsModzvOP3yGOcU8MNiCN31c4luHSjJFQ5bZb6y9L6M5ijvTF30Qnf85jOorg5YV/XTXQjGFdAeFvW13vpLww==,
      }
    engines: { node: ">=18.*" }
    hasBin: true

  pnpm@12.0.0-rc.11:
    resolution:
      {
        integrity: sha512-bvsp9IFNxLmnHWBzjpjPuWNPYuepSrKyMUcYDRuA+1+u1gBKQHvzymWkuBAbn/lmIHj6OnD0vbBc/15D1npf5g==,
      }
    engines: { node: ">=18.*" }
    hasBin: true

snapshots:
  "@pnpm/exe.darwin-arm64@12.0.0-rc.11":
    optional: true

  "@pnpm/exe.darwin-x64@12.0.0-rc.11":
    optional: true

  "@pnpm/exe.linux-arm64-musl@12.0.0-rc.11":
    optional: true

  "@pnpm/exe.linux-arm64@12.0.0-rc.11":
    optional: true

  "@pnpm/exe.linux-x64-musl@12.0.0-rc.11":
    optional: true

  "@pnpm/exe.linux-x64@12.0.0-rc.11":
    optional: true

  "@pnpm/exe.win32-arm64@12.0.0-rc.11":
    optional: true

  "@pnpm/exe.win32-x64@12.0.0-rc.11":
    optional: true

  "@pnpm/exe@12.0.0-rc.11":
    optionalDependencies:
      "@pnpm/exe.darwin-arm64": 12.0.0-rc.11
      "@pnpm/exe.darwin-x64": 12.0.0-rc.11
      "@pnpm/exe.linux-arm64": 12.0.0-rc.11
      "@pnpm/exe.linux-arm64-musl": 12.0.0-rc.11
      "@pnpm/exe.linux-x64": 12.0.0-rc.11
      "@pnpm/exe.linux-x64-musl": 12.0.0-rc.11
      "@pnpm/exe.win32-arm64": 12.0.0-rc.11
      "@pnpm/exe.win32-x64": 12.0.0-rc.11

  pnpm@12.0.0-rc.11:
    optionalDependencies:
      "@pnpm/exe.darwin-arm64": 12.0.0-rc.11
      "@pnpm/exe.darwin-x64": 12.0.0-rc.11
      "@pnpm/exe.linux-arm64": 12.0.0-rc.11
      "@pnpm/exe.linux-arm64-musl": 12.0.0-rc.11
      "@pnpm/exe.linux-x64": 12.0.0-rc.11
      "@pnpm/exe.linux-x64-musl": 12.0.0-rc.11
      "@pnpm/exe.win32-arm64": 12.0.0-rc.11
      "@pnpm/exe.win32-x64": 12.0.0-rc.11

---
lockfileVersion: "9.0"

settings:
  autoInstallPeers: true
  excludeLinksFromLockfile: false

importers:
  .:
    dependencies:
      ws:
        specifier: ^8.21.3
        version: 8.21.3
    devDependencies:
      prettier:
        specifier: ^3.9.6
        version: 3.9.6

packages:
  prettier@3.9.6:
    resolution:
      {
        integrity: sha512-OpN0zzVdiaiAhxpuuj5efpIS4sY9j7bY6uR5mnj5yPzGkdkjNKSJeUThPb60Jw29QuAZgA4o+/iB49kFiaBX6g==,
      }
    engines: { node: ">=14" }
    hasBin: true

  ws@8.21.3:
    resolution:
      {
        integrity: sha512-201TZ/kPWxoPr/OKWjquZR1SWKXcvxdH+e1xrx89b3YbmzLMFCLfnaG1HFIgWzJOEWZ7MvpK++odZufgYR50Rw==,
      }
    engines: { node: ">=10.0.0" }
    peerDependencies:
      bufferutil: ^4.0.1
      utf-8-validate: ">=5.0.2"
    peerDependenciesMeta:
      bufferutil:
        optional: true
      utf-8-validate:
        optional: true

snapshots:
  prettier@3.9.6: {}

  ws@8.21.3: {}
